
Microsoft Visual Studio Solution File, Format Version 12.00
# Visual Studio Version 17
VisualStudioVersion = 17.4.33205.214
MinimumVisualStudioVersion = 10.0.40219.1
Project("{FAE04EC0-301F-11D3-BF4B-00C04F79EFBC}") = "zachet_1_Shaidullin", "zachet_1_Shaidullin.csproj", "{9B2B7393-C555-45CD-A50A-B52A38D92AC4}"
EndProject
Global
	GlobalSection(SolutionConfigurationPlatforms) = preSolution
		Debug|Any CPU = Debug|Any CPU
		Release|Any CPU = Release|Any CPU
	EndGlobalSection
	GlobalSection(ProjectConfigurationPlatforms) = postSolution
		{9B2B7393-C555-45CD-A50A-B52A38D92AC4}.Debug|Any CPU.ActiveCfg = Debug|Any CPU
		{9B2B7393-C555-45CD-A50A-B52A38D92AC4}.Debug|Any CPU.Build.0 = Debug|Any CPU
		{9B2B7393-C555-45CD-A50A-B52A38D92AC4}.Release|Any CPU.ActiveCfg = Release|Any CPU
		{9B2B7393-C555-45CD-A50A-B52A38D92AC4}.Release|Any CPU.Build.0 = Release|Any CPU
	EndGlobalSection
	GlobalSection(SolutionProperties) = preSolution
		HideSolutionNode = FALSE
	EndGlobalSection
	GlobalSection(ExtensibilityGlobals) = postSolution
		SolutionGuid = {598E5557-144D-4C29-A7ED-B3C80A657DE0}
	EndGlobalSection
EndGlobal
